
Microsoft Visual Studio Solution File, Format Version 12.00
# Visual Studio Version 16
VisualStudioVersion = 16.0.30002.166
MinimumVisualStudioVersion = 10.0.40219.1
Project("{FAE04EC0-301F-11D3-BF4B-00C04F79EFBC}") = "NewsAPI", "NewsAPI\NewsAPI.csproj", "{42B3AD3B-B31E-494F-A35A-2346EAE85632}"
EndProject
Project("{FAE04EC0-301F-11D3-BF4B-00C04F79EFBC}") = "News.DataAccess", "News.DataAccess\News.DataAccess.csproj", "{CD5D474E-BBCA-433A-AE8D-0AF661544395}"
EndProject
Global
	GlobalSection(SolutionConfigurationPlatforms) = preSolution
		Debug|Any CPU = Debug|Any CPU
		Release|Any CPU = Release|Any CPU
	EndGlobalSection
	GlobalSection(ProjectConfigurationPlatforms) = postSolution
		{42B3AD3B-B31E-494F-A35A-2346EAE85632}.Debug|Any CPU.ActiveCfg = Debug|Any CPU
		{42B3AD3B-B31E-494F-A35A-2346EAE85632}.Debug|Any CPU.Build.0 = Debug|Any CPU
		{42B3AD3B-B31E-494F-A35A-2346EAE85632}.Release|Any CPU.ActiveCfg = Release|Any CPU
		{42B3AD3B-B31E-494F-A35A-2346EAE85632}.Release|Any CPU.Build.0 = Release|Any CPU
		{CD5D474E-BBCA-433A-AE8D-0AF661544395}.Debug|Any CPU.ActiveCfg = Debug|Any CPU
		{CD5D474E-BBCA-433A-AE8D-0AF661544395}.Debug|Any CPU.Build.0 = Debug|Any CPU
		{CD5D474E-BBCA-433A-AE8D-0AF661544395}.Release|Any CPU.ActiveCfg = Release|Any CPU
		{CD5D474E-BBCA-433A-AE8D-0AF661544395}.Release|Any CPU.Build.0 = Release|Any CPU
	EndGlobalSection
	GlobalSection(SolutionProperties) = preSolution
		HideSolutionNode = FALSE
	EndGlobalSection
	GlobalSection(ExtensibilityGlobals) = postSolution
		SolutionGuid = {8A313AFB-7A5A-4A85-9D28-8C17DD3D3441}
	EndGlobalSection
EndGlobal
